
Microsoft Visual Studio Solution File, Format Version 12.00
# Visual Studio Version 17
VisualStudioVersion = 17.5.002.0
MinimumVisualStudioVersion = 10.0.40219.1
Project("{9A19103F-16F7-4668-BE54-9A1E7A4F7556}") = "CommerceApi", "CommerceApi\CommerceApi.csproj", "{80D45D5E-7355-4972-894E-0FE41149459E}"
EndProject
Project("{FAE04EC0-301F-11D3-BF4B-00C04F79EFBC}") = "CommerceApi.UnitTest", "CommerceApi.UnitTest\CommerceApi.UnitTest.csproj", "{2966B444-16AE-4343-BAE1-CD8F55A04225}"
EndProject
Global
	GlobalSection(SolutionConfigurationPlatforms) = preSolution
		Debug|Any CPU = Debug|Any CPU
		Release|Any CPU = Release|Any CPU
	EndGlobalSection
	GlobalSection(ProjectConfigurationPlatforms) = postSolution
		{80D45D5E-7355-4972-894E-0FE41149459E}.Debug|Any CPU.ActiveCfg = Debug|Any CPU
		{80D45D5E-7355-4972-894E-0FE41149459E}.Debug|Any CPU.Build.0 = Debug|Any CPU
		{80D45D5E-7355-4972-894E-0FE41149459E}.Release|Any CPU.ActiveCfg = Release|Any CPU
		{80D45D5E-7355-4972-894E-0FE41149459E}.Release|Any CPU.Build.0 = Release|Any CPU
		{2966B444-16AE-4343-BAE1-CD8F55A04225}.Debug|Any CPU.ActiveCfg = Debug|Any CPU
		{2966B444-16AE-4343-BAE1-CD8F55A04225}.Debug|Any CPU.Build.0 = Debug|Any CPU
		{2966B444-16AE-4343-BAE1-CD8F55A04225}.Release|Any CPU.ActiveCfg = Release|Any CPU
		{2966B444-16AE-4343-BAE1-CD8F55A04225}.Release|Any CPU.Build.0 = Release|Any CPU
	EndGlobalSection
	GlobalSection(SolutionProperties) = preSolution
		HideSolutionNode = FALSE
	EndGlobalSection
	GlobalSection(ExtensibilityGlobals) = postSolution
		SolutionGuid = {61CA5062-57AB-4E4E-A51B-B6744FDBE223}
	EndGlobalSection
EndGlobal
